
Microsoft Visual Studio Solution File, Format Version 12.00
# Visual Studio Version 17
VisualStudioVersion = 17.3.32804.467
MinimumVisualStudioVersion = 10.0.40219.1
Project("{FAE04EC0-301F-11D3-BF4B-00C04F79EFBC}") = "HolaMundo", "HolaMundo\HolaMundo.csproj", "{F117D5ED-6B7F-4ACA-8A28-53FB4225D5F5}"
EndProject
Global
	GlobalSection(SolutionConfigurationPlatforms) = preSolution
		Debug|Any CPU = Debug|Any CPU
		Release|Any CPU = Release|Any CPU
	EndGlobalSection
	GlobalSection(ProjectConfigurationPlatforms) = postSolution
		{F117D5ED-6B7F-4ACA-8A28-53FB4225D5F5}.Debug|Any CPU.ActiveCfg = Debug|Any CPU
		{F117D5ED-6B7F-4ACA-8A28-53FB4225D5F5}.Debug|Any CPU.Build.0 = Debug|Any CPU
		{F117D5ED-6B7F-4ACA-8A28-53FB4225D5F5}.Release|Any CPU.ActiveCfg = Release|Any CPU
		{F117D5ED-6B7F-4ACA-8A28-53FB4225D5F5}.Release|Any CPU.Build.0 = Release|Any CPU
	EndGlobalSection
	GlobalSection(SolutionProperties) = preSolution
		HideSolutionNode = FALSE
	EndGlobalSection
	GlobalSection(ExtensibilityGlobals) = postSolution
		SolutionGuid = {D67086BC-F4B1-40B1-98C1-AEFE90DB78A0}
	EndGlobalSection
EndGlobal
