
Microsoft Visual Studio Solution File, Format Version 12.00
# Visual Studio Version 17
VisualStudioVersion = 17.3.32825.248
MinimumVisualStudioVersion = 10.0.40219.1
Project("{FAE04EC0-301F-11D3-BF4B-00C04F79EFBC}") = "Return", "Return\Return.csproj", "{9171E131-C532-4E75-B1ED-4AE7A0A560AD}"
EndProject
Global
	GlobalSection(SolutionConfigurationPlatforms) = preSolution
		Debug|Any CPU = Debug|Any CPU
		Release|Any CPU = Release|Any CPU
	EndGlobalSection
	GlobalSection(ProjectConfigurationPlatforms) = postSolution
		{9171E131-C532-4E75-B1ED-4AE7A0A560AD}.Debug|Any CPU.ActiveCfg = Debug|Any CPU
		{9171E131-C532-4E75-B1ED-4AE7A0A560AD}.Debug|Any CPU.Build.0 = Debug|Any CPU
		{9171E131-C532-4E75-B1ED-4AE7A0A560AD}.Release|Any CPU.ActiveCfg = Release|Any CPU
		{9171E131-C532-4E75-B1ED-4AE7A0A560AD}.Release|Any CPU.Build.0 = Release|Any CPU
	EndGlobalSection
	GlobalSection(SolutionProperties) = preSolution
		HideSolutionNode = FALSE
	EndGlobalSection
	GlobalSection(ExtensibilityGlobals) = postSolution
		SolutionGuid = {0E144D59-0535-4FF9-95D0-2BA4BD0410D7}
	EndGlobalSection
EndGlobal
