
Microsoft Visual Studio Solution File, Format Version 12.00
# Visual Studio Version 17
VisualStudioVersion = 17.3.32804.467
MinimumVisualStudioVersion = 10.0.40219.1
Project("{FAE04EC0-301F-11D3-BF4B-00C04F79EFBC}") = "Tuplas", "Tuplas\Tuplas.csproj", "{8FCF8DC9-08B6-4282-B95F-4D1DD5C30003}"
EndProject
Global
	GlobalSection(SolutionConfigurationPlatforms) = preSolution
		Debug|Any CPU = Debug|Any CPU
		Release|Any CPU = Release|Any CPU
	EndGlobalSection
	GlobalSection(ProjectConfigurationPlatforms) = postSolution
		{8FCF8DC9-08B6-4282-B95F-4D1DD5C30003}.Debug|Any CPU.ActiveCfg = Debug|Any CPU
		{8FCF8DC9-08B6-4282-B95F-4D1DD5C30003}.Debug|Any CPU.Build.0 = Debug|Any CPU
		{8FCF8DC9-08B6-4282-B95F-4D1DD5C30003}.Release|Any CPU.ActiveCfg = Release|Any CPU
		{8FCF8DC9-08B6-4282-B95F-4D1DD5C30003}.Release|Any CPU.Build.0 = Release|Any CPU
	EndGlobalSection
	GlobalSection(SolutionProperties) = preSolution
		HideSolutionNode = FALSE
	EndGlobalSection
	GlobalSection(ExtensibilityGlobals) = postSolution
		SolutionGuid = {F9798544-BE1A-472D-AB16-4931E5F895A9}
	EndGlobalSection
EndGlobal
